// !$*UTF8*$!
{
	archiveVersion = 1;
	classes = {
	};
	objectVersion = 56;
	objects = {

/* Begin PBXBuildFile section */
		A1BA8C332C33B6B100D1536F /* LoggedOutRouter.swift in Sources */ = {isa = PBXBuildFile; fileRef = A1BA8C2F2C33B6B100D1536F /* LoggedOutRouter.swift */; };
		A1BA8C342C33B6B100D1536F /* LoggedOutViewController.swift in Sources */ = {isa = PBXBuildFile; fileRef = A1BA8C302C33B6B100D1536F /* LoggedOutViewController.swift */; };
		A1BA8C352C33B6B100D1536F /* LoggedOutBuilder.swift in Sources */ = {isa = PBXBuildFile; fileRef = A1BA8C312C33B6B100D1536F /* LoggedOutBuilder.swift */; };
		A1BA8C362C33B6B100D1536F /* LoggedOutInteractor.swift in Sources */ = {isa = PBXBuildFile; fileRef = A1BA8C322C33B6B100D1536F /* LoggedOutInteractor.swift */; };
		A1BA8C3D2C33BFC300D1536F /* LoggedInComponent+OffGame.swift in Sources */ = {isa = PBXBuildFile; fileRef = A1BA8C392C33BFC300D1536F /* LoggedInComponent+OffGame.swift */; };
		A1BA8C3E2C33BFC300D1536F /* LoggedInComponent+TicTacToe.swift in Sources */ = {isa = PBXBuildFile; fileRef = A1BA8C3A2C33BFC300D1536F /* LoggedInComponent+TicTacToe.swift */; };
		A1BA8C442C33C30700D1536F /* LoggedInRouter.swift in Sources */ = {isa = PBXBuildFile; fileRef = A1BA8C412C33C30700D1536F /* LoggedInRouter.swift */; };
		A1BA8C452C33C30700D1536F /* LoggedInBuilder.swift in Sources */ = {isa = PBXBuildFile; fileRef = A1BA8C422C33C30700D1536F /* LoggedInBuilder.swift */; };
		A1BA8C462C33C30700D1536F /* LoggedInInteractor.swift in Sources */ = {isa = PBXBuildFile; fileRef = A1BA8C432C33C30700D1536F /* LoggedInInteractor.swift */; };
		A1BA8C4C2C33C7FA00D1536F /* OffGameRouter.swift in Sources */ = {isa = PBXBuildFile; fileRef = A1BA8C482C33C7FA00D1536F /* OffGameRouter.swift */; };
		A1BA8C4D2C33C7FA00D1536F /* OffGameViewController.swift in Sources */ = {isa = PBXBuildFile; fileRef = A1BA8C492C33C7FA00D1536F /* OffGameViewController.swift */; };
		A1BA8C4E2C33C7FA00D1536F /* OffGameBuilder.swift in Sources */ = {isa = PBXBuildFile; fileRef = A1BA8C4A2C33C7FA00D1536F /* OffGameBuilder.swift */; };
		A1BA8C4F2C33C7FA00D1536F /* OffGameInteractor.swift in Sources */ = {isa = PBXBuildFile; fileRef = A1BA8C4B2C33C7FA00D1536F /* OffGameInteractor.swift */; };
		A1BA8C512C33D6FE00D1536F /* RootComponent+LoggedOut.swift in Sources */ = {isa = PBXBuildFile; fileRef = A1BA8C502C33D6FD00D1536F /* RootComponent+LoggedOut.swift */; };
		A1BA8C532C33D82B00D1536F /* RootComponent+LoggedIn.swift in Sources */ = {isa = PBXBuildFile; fileRef = A1BA8C522C33D82B00D1536F /* RootComponent+LoggedIn.swift */; };
		A1BA8C5A2C33DA9200D1536F /* TicTacToeRouter.swift in Sources */ = {isa = PBXBuildFile; fileRef = A1BA8C562C33DA9200D1536F /* TicTacToeRouter.swift */; };
		A1BA8C5B2C33DA9200D1536F /* TicTacToeViewController.swift in Sources */ = {isa = PBXBuildFile; fileRef = A1BA8C572C33DA9200D1536F /* TicTacToeViewController.swift */; };
		A1BA8C5C2C33DA9200D1536F /* TicTacToeBuilder.swift in Sources */ = {isa = PBXBuildFile; fileRef = A1BA8C582C33DA9200D1536F /* TicTacToeBuilder.swift */; };
		A1BA8C5D2C33DA9200D1536F /* TicTacToeInteractor.swift in Sources */ = {isa = PBXBuildFile; fileRef = A1BA8C592C33DA9200D1536F /* TicTacToeInteractor.swift */; };
		A1CA0EC12C3404040057711F /* ScoreStream.swift in Sources */ = {isa = PBXBuildFile; fileRef = A1CA0EC02C3404040057711F /* ScoreStream.swift */; };
		A1D3126A2C3376F500D8F7C9 /* AppDelegate.swift in Sources */ = {isa = PBXBuildFile; fileRef = A1D312692C3376F500D8F7C9 /* AppDelegate.swift */; };
		A1D3126C2C3376F500D8F7C9 /* SceneDelegate.swift in Sources */ = {isa = PBXBuildFile; fileRef = A1D3126B2C3376F500D8F7C9 /* SceneDelegate.swift */; };
		A1D3126E2C3376F500D8F7C9 /* ViewController.swift in Sources */ = {isa = PBXBuildFile; fileRef = A1D3126D2C3376F500D8F7C9 /* ViewController.swift */; };
		A1D312712C3376F500D8F7C9 /* Main.storyboard in Resources */ = {isa = PBXBuildFile; fileRef = A1D3126F2C3376F500D8F7C9 /* Main.storyboard */; };
		A1D312732C3376F700D8F7C9 /* Assets.xcassets in Resources */ = {isa = PBXBuildFile; fileRef = A1D312722C3376F700D8F7C9 /* Assets.xcassets */; };
		A1D312762C3376F700D8F7C9 /* LaunchScreen.storyboard in Resources */ = {isa = PBXBuildFile; fileRef = A1D312742C3376F700D8F7C9 /* LaunchScreen.storyboard */; };
		A1D3127F2C337A4800D8F7C9 /* AppComponent.swift in Sources */ = {isa = PBXBuildFile; fileRef = A1D3127E2C337A4800D8F7C9 /* AppComponent.swift */; };
		A1D312872C337B2A00D8F7C9 /* RootRouter.swift in Sources */ = {isa = PBXBuildFile; fileRef = A1D312832C337B2A00D8F7C9 /* RootRouter.swift */; };
		A1D312882C337B2A00D8F7C9 /* RootViewController.swift in Sources */ = {isa = PBXBuildFile; fileRef = A1D312842C337B2A00D8F7C9 /* RootViewController.swift */; };
		A1D312892C337B2A00D8F7C9 /* RootBuilder.swift in Sources */ = {isa = PBXBuildFile; fileRef = A1D312852C337B2A00D8F7C9 /* RootBuilder.swift */; };
		A1D3128A2C337B2A00D8F7C9 /* RootInteractor.swift in Sources */ = {isa = PBXBuildFile; fileRef = A1D312862C337B2A00D8F7C9 /* RootInteractor.swift */; };
		EA44FC1FE919514F6F5E03AE /* Pods_RIBsTutorial.framework in Frameworks */ = {isa = PBXBuildFile; fileRef = 07A932FFF08939F7C4699E07 /* Pods_RIBsTutorial.framework */; };
/* End PBXBuildFile section */

/* Begin PBXFileReference section */
		07A932FFF08939F7C4699E07 /* Pods_RIBsTutorial.framework */ = {isa = PBXFileReference; explicitFileType = wrapper.framework; includeInIndex = 0; path = Pods_RIBsTutorial.framework; sourceTree = BUILT_PRODUCTS_DIR; };
		2E13D2A4FB01E2B613BC4AB2 /* Pods-RIBsTutorial.release.xcconfig */ = {isa = PBXFileReference; includeInIndex = 1; lastKnownFileType = text.xcconfig; name = "Pods-RIBsTutorial.release.xcconfig"; path = "Target Support Files/Pods-RIBsTutorial/Pods-RIBsTutorial.release.xcconfig"; sourceTree = "<group>"; };
		33F1C4927ED0FB603348C060 /* Pods-RIBsTutorial.debug.xcconfig */ = {isa = PBXFileReference; includeInIndex = 1; lastKnownFileType = text.xcconfig; name = "Pods-RIBsTutorial.debug.xcconfig"; path = "Target Support Files/Pods-RIBsTutorial/Pods-RIBsTutorial.debug.xcconfig"; sourceTree = "<group>"; };
		A1BA8C2F2C33B6B100D1536F /* LoggedOutRouter.swift */ = {isa = PBXFileReference; lastKnownFileType = sourcecode.swift; path = LoggedOutRouter.swift; sourceTree = "<group>"; };
		A1BA8C302C33B6B100D1536F /* LoggedOutViewController.swift */ = {isa = PBXFileReference; lastKnownFileType = sourcecode.swift; path = LoggedOutViewController.swift; sourceTree = "<group>"; };
		A1BA8C312C33B6B100D1536F /* LoggedOutBuilder.swift */ = {isa = PBXFileReference; lastKnownFileType = sourcecode.swift; path = LoggedOutBuilder.swift; sourceTree = "<group>"; };
		A1BA8C322C33B6B100D1536F /* LoggedOutInteractor.swift */ = {isa = PBXFileReference; lastKnownFileType = sourcecode.swift; path = LoggedOutInteractor.swift; sourceTree = "<group>"; };
		A1BA8C392C33BFC300D1536F /* LoggedInComponent+OffGame.swift */ = {isa = PBXFileReference; lastKnownFileType = sourcecode.swift; path = "LoggedInComponent+OffGame.swift"; sourceTree = "<group>"; };
		A1BA8C3A2C33BFC300D1536F /* LoggedInComponent+TicTacToe.swift */ = {isa = PBXFileReference; lastKnownFileType = sourcecode.swift; path = "LoggedInComponent+TicTacToe.swift"; sourceTree = "<group>"; };
		A1BA8C412C33C30700D1536F /* LoggedInRouter.swift */ = {isa = PBXFileReference; lastKnownFileType = sourcecode.swift; path = LoggedInRouter.swift; sourceTree = "<group>"; };
		A1BA8C422C33C30700D1536F /* LoggedInBuilder.swift */ = {isa = PBXFileReference; lastKnownFileType = sourcecode.swift; path = LoggedInBuilder.swift; sourceTree = "<group>"; };
		A1BA8C432C33C30700D1536F /* LoggedInInteractor.swift */ = {isa = PBXFileReference; lastKnownFileType = sourcecode.swift; path = LoggedInInteractor.swift; sourceTree = "<group>"; };
		A1BA8C482C33C7FA00D1536F /* OffGameRouter.swift */ = {isa = PBXFileReference; lastKnownFileType = sourcecode.swift; path = OffGameRouter.swift; sourceTree = "<group>"; };
		A1BA8C492C33C7FA00D1536F /* OffGameViewController.swift */ = {isa = PBXFileReference; lastKnownFileType = sourcecode.swift; path = OffGameViewController.swift; sourceTree = "<group>"; };
		A1BA8C4A2C33C7FA00D1536F /* OffGameBuilder.swift */ = {isa = PBXFileReference; lastKnownFileType = sourcecode.swift; path = OffGameBuilder.swift; sourceTree = "<group>"; };
		A1BA8C4B2C33C7FA00D1536F /* OffGameInteractor.swift */ = {isa = PBXFileReference; lastKnownFileType = sourcecode.swift; path = OffGameInteractor.swift; sourceTree = "<group>"; };
		A1BA8C502C33D6FD00D1536F /* RootComponent+LoggedOut.swift */ = {isa = PBXFileReference; lastKnownFileType = sourcecode.swift; path = "RootComponent+LoggedOut.swift"; sourceTree = "<group>"; };
		A1BA8C522C33D82B00D1536F /* RootComponent+LoggedIn.swift */ = {isa = PBXFileReference; lastKnownFileType = sourcecode.swift; path = "RootComponent+LoggedIn.swift"; sourceTree = "<group>"; };
		A1BA8C562C33DA9200D1536F /* TicTacToeRouter.swift */ = {isa = PBXFileReference; lastKnownFileType = sourcecode.swift; path = TicTacToeRouter.swift; sourceTree = "<group>"; };
		A1BA8C572C33DA9200D1536F /* TicTacToeViewController.swift */ = {isa = PBXFileReference; lastKnownFileType = sourcecode.swift; path = TicTacToeViewController.swift; sourceTree = "<group>"; };
		A1BA8C582C33DA9200D1536F /* TicTacToeBuilder.swift */ = {isa = PBXFileReference; lastKnownFileType = sourcecode.swift; path = TicTacToeBuilder.swift; sourceTree = "<group>"; };
		A1BA8C592C33DA9200D1536F /* TicTacToeInteractor.swift */ = {isa = PBXFileReference; lastKnownFileType = sourcecode.swift; path = TicTacToeInteractor.swift; sourceTree = "<group>"; };
		A1CA0EC02C3404040057711F /* ScoreStream.swift */ = {isa = PBXFileReference; lastKnownFileType = sourcecode.swift; path = ScoreStream.swift; sourceTree = "<group>"; };
		A1D312662C3376F500D8F7C9 /* RIBsTutorial.app */ = {isa = PBXFileReference; explicitFileType = wrapper.application; includeInIndex = 0; path = RIBsTutorial.app; sourceTree = BUILT_PRODUCTS_DIR; };
		A1D312692C3376F500D8F7C9 /* AppDelegate.swift */ = {isa = PBXFileReference; lastKnownFileType = sourcecode.swift; path = AppDelegate.swift; sourceTree = "<group>"; };
		A1D3126B2C3376F500D8F7C9 /* SceneDelegate.swift */ = {isa = PBXFileReference; lastKnownFileType = sourcecode.swift; path = SceneDelegate.swift; sourceTree = "<group>"; };
		A1D3126D2C3376F500D8F7C9 /* ViewController.swift */ = {isa = PBXFileReference; lastKnownFileType = sourcecode.swift; path = ViewController.swift; sourceTree = "<group>"; };
		A1D312702C3376F500D8F7C9 /* Base */ = {isa = PBXFileReference; lastKnownFileType = file.storyboard; name = Base; path = Base.lproj/Main.storyboard; sourceTree = "<group>"; };
		A1D312722C3376F700D8F7C9 /* Assets.xcassets */ = {isa = PBXFileReference; lastKnownFileType = folder.assetcatalog; path = Assets.xcassets; sourceTree = "<group>"; };
		A1D312752C3376F700D8F7C9 /* Base */ = {isa = PBXFileReference; lastKnownFileType = file.storyboard; name = Base; path = Base.lproj/LaunchScreen.storyboard; sourceTree = "<group>"; };
		A1D312772C3376F700D8F7C9 /* Info.plist */ = {isa = PBXFileReference; lastKnownFileType = text.plist.xml; path = Info.plist; sourceTree = "<group>"; };
		A1D3127E2C337A4800D8F7C9 /* AppComponent.swift */ = {isa = PBXFileReference; lastKnownFileType = sourcecode.swift; path = AppComponent.swift; sourceTree = "<group>"; };
		A1D312832C337B2A00D8F7C9 /* RootRouter.swift */ = {isa = PBXFileReference; lastKnownFileType = sourcecode.swift; path = RootRouter.swift; sourceTree = "<group>"; };
		A1D312842C337B2A00D8F7C9 /* RootViewController.swift */ = {isa = PBXFileReference; lastKnownFileType = sourcecode.swift; path = RootViewController.swift; sourceTree = "<group>"; };
		A1D312852C337B2A00D8F7C9 /* RootBuilder.swift */ = {isa = PBXFileReference; lastKnownFileType = sourcecode.swift; path = RootBuilder.swift; sourceTree = "<group>"; };
		A1D312862C337B2A00D8F7C9 /* RootInteractor.swift */ = {isa = PBXFileReference; lastKnownFileType = sourcecode.swift; path = RootInteractor.swift; sourceTree = "<group>"; };
/* End PBXFileReference section */

/* Begin PBXFrameworksBuildPhase section */
		A1D312632C3376F500D8F7C9 /* Frameworks */ = {
			isa = PBXFrameworksBuildPhase;
			buildActionMask = 2147483647;
			files = (
				EA44FC1FE919514F6F5E03AE /* Pods_RIBsTutorial.framework in Frameworks */,
			);
			runOnlyForDeploymentPostprocessing = 0;
		};
/* End PBXFrameworksBuildPhase section */

/* Begin PBXGroup section */
		2DCEE737E493CB50CD1F2F40 /* Frameworks */ = {
			isa = PBXGroup;
			children = (
				07A932FFF08939F7C4699E07 /* Pods_RIBsTutorial.framework */,
			);
			name = Frameworks;
			sourceTree = "<group>";
		};
		A1BA8C2E2C33B68000D1536F /* LoggedOut */ = {
			isa = PBXGroup;
			children = (
				A1BA8C2F2C33B6B100D1536F /* LoggedOutRouter.swift */,
				A1BA8C302C33B6B100D1536F /* LoggedOutViewController.swift */,
				A1BA8C312C33B6B100D1536F /* LoggedOutBuilder.swift */,
				A1BA8C322C33B6B100D1536F /* LoggedOutInteractor.swift */,
			);
			path = LoggedOut;
			sourceTree = "<group>";
		};
		A1BA8C372C33BFAF00D1536F /* LoggedIn */ = {
			isa = PBXGroup;
			children = (
				A1BA8C412C33C30700D1536F /* LoggedInRouter.swift */,
				A1BA8C422C33C30700D1536F /* LoggedInBuilder.swift */,
				A1BA8C432C33C30700D1536F /* LoggedInInteractor.swift */,
				A1BA8C392C33BFC300D1536F /* LoggedInComponent+OffGame.swift */,
				A1BA8C3A2C33BFC300D1536F /* LoggedInComponent+TicTacToe.swift */,
			);
			path = LoggedIn;
			sourceTree = "<group>";
		};
		A1BA8C472C33C7E600D1536F /* OffGame */ = {
			isa = PBXGroup;
			children = (
				A1BA8C482C33C7FA00D1536F /* OffGameRouter.swift */,
				A1BA8C492C33C7FA00D1536F /* OffGameViewController.swift */,
				A1BA8C4A2C33C7FA00D1536F /* OffGameBuilder.swift */,
				A1BA8C4B2C33C7FA00D1536F /* OffGameInteractor.swift */,
			);
			path = OffGame;
			sourceTree = "<group>";
		};
		A1BA8C542C33D8D900D1536F /* TicTacToe */ = {
			isa = PBXGroup;
			children = (
				A1BA8C562C33DA9200D1536F /* TicTacToeRouter.swift */,
				A1BA8C572C33DA9200D1536F /* TicTacToeViewController.swift */,
				A1BA8C582C33DA9200D1536F /* TicTacToeBuilder.swift */,
				A1BA8C592C33DA9200D1536F /* TicTacToeInteractor.swift */,
			);
			path = TicTacToe;
			sourceTree = "<group>";
		};
		A1CA0EBF2C3403FD0057711F /* Models */ = {
			isa = PBXGroup;
			children = (
				A1CA0EC02C3404040057711F /* ScoreStream.swift */,
			);
			path = Models;
			sourceTree = "<group>";
		};
		A1D3125D2C3376F500D8F7C9 = {
			isa = PBXGroup;
			children = (
				A1D312682C3376F500D8F7C9 /* RIBsTutorial */,
				A1D312672C3376F500D8F7C9 /* Products */,
				B106BC834B667B943AE83544 /* Pods */,
				2DCEE737E493CB50CD1F2F40 /* Frameworks */,
			);
			sourceTree = "<group>";
		};
		A1D312672C3376F500D8F7C9 /* Products */ = {
			isa = PBXGroup;
			children = (
				A1D312662C3376F500D8F7C9 /* RIBsTutorial.app */,
			);
			name = Products;
			sourceTree = "<group>";
		};
		A1D312682C3376F500D8F7C9 /* RIBsTutorial */ = {
			isa = PBXGroup;
			children = (
				A1CA0EBF2C3403FD0057711F /* Models */,
				A1D3127D2C337A3400D8F7C9 /* AppStart */,
				A1D3126D2C3376F500D8F7C9 /* ViewController.swift */,
				A1D312822C337AF200D8F7C9 /* Root */,
				A1BA8C372C33BFAF00D1536F /* LoggedIn */,
				A1BA8C2E2C33B68000D1536F /* LoggedOut */,
				A1BA8C472C33C7E600D1536F /* OffGame */,
				A1BA8C542C33D8D900D1536F /* TicTacToe */,
				A1D312812C337AD600D8F7C9 /* Resources */,
				A1D3126F2C3376F500D8F7C9 /* Main.storyboard */,
				A1D312742C3376F700D8F7C9 /* LaunchScreen.storyboard */,
				A1D312772C3376F700D8F7C9 /* Info.plist */,
			);
			path = RIBsTutorial;
			sourceTree = "<group>";
		};
		A1D3127D2C337A3400D8F7C9 /* AppStart */ = {
			isa = PBXGroup;
			children = (
				A1D3127E2C337A4800D8F7C9 /* AppComponent.swift */,
				A1D312692C3376F500D8F7C9 /* AppDelegate.swift */,
				A1D3126B2C3376F500D8F7C9 /* SceneDelegate.swift */,
			);
			path = AppStart;
			sourceTree = "<group>";
		};
		A1D312812C337AD600D8F7C9 /* Resources */ = {
			isa = PBXGroup;
			children = (
				A1D312722C3376F700D8F7C9 /* Assets.xcassets */,
			);
			path = Resources;
			sourceTree = "<group>";
		};
		A1D312822C337AF200D8F7C9 /* Root */ = {
			isa = PBXGroup;
			children = (
				A1D312852C337B2A00D8F7C9 /* RootBuilder.swift */,
				A1BA8C502C33D6FD00D1536F /* RootComponent+LoggedOut.swift */,
				A1BA8C522C33D82B00D1536F /* RootComponent+LoggedIn.swift */,
				A1D312862C337B2A00D8F7C9 /* RootInteractor.swift */,
				A1D312832C337B2A00D8F7C9 /* RootRouter.swift */,
				A1D312842C337B2A00D8F7C9 /* RootViewController.swift */,
			);
			path = Root;
			sourceTree = "<group>";
		};
		B106BC834B667B943AE83544 /* Pods */ = {
			isa = PBXGroup;
			children = (
				33F1C4927ED0FB603348C060 /* Pods-RIBsTutorial.debug.xcconfig */,
				2E13D2A4FB01E2B613BC4AB2 /* Pods-RIBsTutorial.release.xcconfig */,
			);
			path = Pods;
			sourceTree = "<group>";
		};
/* End PBXGroup section */

/* Begin PBXNativeTarget section */
		A1D312652C3376F500D8F7C9 /* RIBsTutorial */ = {
			isa = PBXNativeTarget;
			buildConfigurationList = A1D3127A2C3376F700D8F7C9 /* Build configuration list for PBXNativeTarget "RIBsTutorial" */;
			buildPhases = (
				8B68119925F5A0EC5FD0842C /* [CP] Check Pods Manifest.lock */,
				A1D312622C3376F500D8F7C9 /* Sources */,
				A1D312632C3376F500D8F7C9 /* Frameworks */,
				A1D312642C3376F500D8F7C9 /* Resources */,
				413BB596FE5655C9D878EF9F /* [CP] Embed Pods Frameworks */,
			);
			buildRules = (
			);
			dependencies = (
			);
			name = RIBsTutorial;
			productName = RIBsTutorial;
			productReference = A1D312662C3376F500D8F7C9 /* RIBsTutorial.app */;
			productType = "com.apple.product-type.application";
		};
/* End PBXNativeTarget section */

/* Begin PBXProject section */
		A1D3125E2C3376F500D8F7C9 /* Project object */ = {
			isa = PBXProject;
			attributes = {
				BuildIndependentTargetsInParallel = 1;
				LastSwiftUpdateCheck = 1520;
				LastUpgradeCheck = 1520;
				TargetAttributes = {
					A1D312652C3376F500D8F7C9 = {
						CreatedOnToolsVersion = 15.2;
					};
				};
			};
			buildConfigurationList = A1D312612C3376F500D8F7C9 /* Build configuration list for PBXProject "RIBsTutorial" */;
			compatibilityVersion = "Xcode 14.0";
			developmentRegion = en;
			hasScannedForEncodings = 0;
			knownRegions = (
				en,
				Base,
			);
			mainGroup = A1D3125D2C3376F500D8F7C9;
			productRefGroup = A1D312672C3376F500D8F7C9 /* Products */;
			projectDirPath = "";
			projectRoot = "";
			targets = (
				A1D312652C3376F500D8F7C9 /* RIBsTutorial */,
			);
		};
/* End PBXProject section */

/* Begin PBXResourcesBuildPhase section */
		A1D312642C3376F500D8F7C9 /* Resources */ = {
			isa = PBXResourcesBuildPhase;
			buildActionMask = 2147483647;
			files = (
				A1D312762C3376F700D8F7C9 /* LaunchScreen.storyboard in Resources */,
				A1D312732C3376F700D8F7C9 /* Assets.xcassets in Resources */,
				A1D312712C3376F500D8F7C9 /* Main.storyboard in Resources */,
			);
			runOnlyForDeploymentPostprocessing = 0;
		};
/* End PBXResourcesBuildPhase section */

/* Begin PBXShellScriptBuildPhase section */
		413BB596FE5655C9D878EF9F /* [CP] Embed Pods Frameworks */ = {
			isa = PBXShellScriptBuildPhase;
			buildActionMask = 2147483647;
			files = (
			);
			inputFileListPaths = (
				"${PODS_ROOT}/Target Support Files/Pods-RIBsTutorial/Pods-RIBsTutorial-frameworks-${CONFIGURATION}-input-files.xcfilelist",
			);
			name = "[CP] Embed Pods Frameworks";
			outputFileListPaths = (
				"${PODS_ROOT}/Target Support Files/Pods-RIBsTutorial/Pods-RIBsTutorial-frameworks-${CONFIGURATION}-output-files.xcfilelist",
			);
			runOnlyForDeploymentPostprocessing = 0;
			shellPath = /bin/sh;
			shellScript = "\"${PODS_ROOT}/Target Support Files/Pods-RIBsTutorial/Pods-RIBsTutorial-frameworks.sh\"\n";
			showEnvVarsInLog = 0;
		};
		8B68119925F5A0EC5FD0842C /* [CP] Check Pods Manifest.lock */ = {
			isa = PBXShellScriptBuildPhase;
			buildActionMask = 2147483647;
			files = (
			);
			inputFileListPaths = (
			);
			inputPaths = (
				"${PODS_PODFILE_DIR_PATH}/Podfile.lock",
				"${PODS_ROOT}/Manifest.lock",
			);
			name = "[CP] Check Pods Manifest.lock";
			outputFileListPaths = (
			);
			outputPaths = (
				"$(DERIVED_FILE_DIR)/Pods-RIBsTutorial-checkManifestLockResult.txt",
			);
			runOnlyForDeploymentPostprocessing = 0;
			shellPath = /bin/sh;
			shellScript = "diff \"${PODS_PODFILE_DIR_PATH}/Podfile.lock\" \"${PODS_ROOT}/Manifest.lock\" > /dev/null\nif [ $? != 0 ] ; then\n    # print error to STDERR\n    echo \"error: The sandbox is not in sync with the Podfile.lock. Run 'pod install' or update your CocoaPods installation.\" >&2\n    exit 1\nfi\n# This output is used by Xcode 'outputs' to avoid re-running this script phase.\necho \"SUCCESS\" > \"${SCRIPT_OUTPUT_FILE_0}\"\n";
			showEnvVarsInLog = 0;
		};
/* End PBXShellScriptBuildPhase section */

/* Begin PBXSourcesBuildPhase section */
		A1D312622C3376F500D8F7C9 /* Sources */ = {
			isa = PBXSourcesBuildPhase;
			buildActionMask = 2147483647;
			files = (
				A1BA8C532C33D82B00D1536F /* RootComponent+LoggedIn.swift in Sources */,
				A1BA8C4C2C33C7FA00D1536F /* OffGameRouter.swift in Sources */,
				A1BA8C452C33C30700D1536F /* LoggedInBuilder.swift in Sources */,
				A1BA8C3E2C33BFC300D1536F /* LoggedInComponent+TicTacToe.swift in Sources */,
				A1BA8C5C2C33DA9200D1536F /* TicTacToeBuilder.swift in Sources */,
				A1D3127F2C337A4800D8F7C9 /* AppComponent.swift in Sources */,
				A1BA8C362C33B6B100D1536F /* LoggedOutInteractor.swift in Sources */,
				A1BA8C332C33B6B100D1536F /* LoggedOutRouter.swift in Sources */,
				A1BA8C352C33B6B100D1536F /* LoggedOutBuilder.swift in Sources */,
				A1BA8C5D2C33DA9200D1536F /* TicTacToeInteractor.swift in Sources */,
				A1D312892C337B2A00D8F7C9 /* RootBuilder.swift in Sources */,
				A1BA8C462C33C30700D1536F /* LoggedInInteractor.swift in Sources */,
				A1BA8C4F2C33C7FA00D1536F /* OffGameInteractor.swift in Sources */,
				A1BA8C512C33D6FE00D1536F /* RootComponent+LoggedOut.swift in Sources */,
				A1BA8C5B2C33DA9200D1536F /* TicTacToeViewController.swift in Sources */,
				A1BA8C3D2C33BFC300D1536F /* LoggedInComponent+OffGame.swift in Sources */,
				A1D312872C337B2A00D8F7C9 /* RootRouter.swift in Sources */,
				A1CA0EC12C3404040057711F /* ScoreStream.swift in Sources */,
				A1BA8C442C33C30700D1536F /* LoggedInRouter.swift in Sources */,
				A1D312882C337B2A00D8F7C9 /* RootViewController.swift in Sources */,
				A1BA8C4D2C33C7FA00D1536F /* OffGameViewController.swift in Sources */,
				A1BA8C5A2C33DA9200D1536F /* TicTacToeRouter.swift in Sources */,
				A1D3126E2C3376F500D8F7C9 /* ViewController.swift in Sources */,
				A1D3126A2C3376F500D8F7C9 /* AppDelegate.swift in Sources */,
				A1BA8C342C33B6B100D1536F /* LoggedOutViewController.swift in Sources */,
				A1BA8C4E2C33C7FA00D1536F /* OffGameBuilder.swift in Sources */,
				A1D3128A2C337B2A00D8F7C9 /* RootInteractor.swift in Sources */,
				A1D3126C2C3376F500D8F7C9 /* SceneDelegate.swift in Sources */,
			);
			runOnlyForDeploymentPostprocessing = 0;
		};
/* End PBXSourcesBuildPhase section */

/* Begin PBXVariantGroup section */
		A1D3126F2C3376F500D8F7C9 /* Main.storyboard */ = {
			isa = PBXVariantGroup;
			children = (
				A1D312702C3376F500D8F7C9 /* Base */,
			);
			name = Main.storyboard;
			sourceTree = "<group>";
		};
		A1D312742C3376F700D8F7C9 /* LaunchScreen.storyboard */ = {
			isa = PBXVariantGroup;
			children = (
				A1D312752C3376F700D8F7C9 /* Base */,
			);
			name = LaunchScreen.storyboard;
			sourceTree = "<group>";
		};
/* End PBXVariantGroup section */

/* Begin XCBuildConfiguration section */
		A1D312782C3376F700D8F7C9 /* Debug */ = {
			isa = XCBuildConfiguration;
			buildSettings = {
				ALWAYS_SEARCH_USER_PATHS = NO;
				ASSETCATALOG_COMPILER_GENERATE_SWIFT_ASSET_SYMBOL_EXTENSIONS = YES;
				CLANG_ANALYZER_NONNULL = YES;
				CLANG_ANALYZER_NUMBER_OBJECT_CONVERSION = YES_AGGRESSIVE;
				CLANG_CXX_LANGUAGE_STANDARD = "gnu++20";
				CLANG_ENABLE_MODULES = YES;
				CLANG_ENABLE_OBJC_ARC = YES;
				CLANG_ENABLE_OBJC_WEAK = YES;
				CLANG_WARN_BLOCK_CAPTURE_AUTORELEASING = YES;
				CLANG_WARN_BOOL_CONVERSION = YES;
				CLANG_WARN_COMMA = YES;
				CLANG_WARN_CONSTANT_CONVERSION = YES;
				CLANG_WARN_DEPRECATED_OBJC_IMPLEMENTATIONS = YES;
				CLANG_WARN_DIRECT_OBJC_ISA_USAGE = YES_ERROR;
				CLANG_WARN_DOCUMENTATION_COMMENTS = YES;
				CLANG_WARN_EMPTY_BODY = YES;
				CLANG_WARN_ENUM_CONVERSION = YES;
				CLANG_WARN_INFINITE_RECURSION = YES;
				CLANG_WARN_INT_CONVERSION = YES;
				CLANG_WARN_NON_LITERAL_NULL_CONVERSION = YES;
				CLANG_WARN_OBJC_IMPLICIT_RETAIN_SELF = YES;
				CLANG_WARN_OBJC_LITERAL_CONVERSION = YES;
				CLANG_WARN_OBJC_ROOT_CLASS = YES_ERROR;
				CLANG_WARN_QUOTED_INCLUDE_IN_FRAMEWORK_HEADER = YES;
				CLANG_WARN_RANGE_LOOP_ANALYSIS = YES;
				CLANG_WARN_STRICT_PROTOTYPES = YES;
				CLANG_WARN_SUSPICIOUS_MOVE = YES;
				CLANG_WARN_UNGUARDED_AVAILABILITY = YES_AGGRESSIVE;
				CLANG_WARN_UNREACHABLE_CODE = YES;
				CLANG_WARN__DUPLICATE_METHOD_MATCH = YES;
				COPY_PHASE_STRIP = NO;
				DEBUG_INFORMATION_FORMAT = dwarf;
				ENABLE_STRICT_OBJC_MSGSEND = YES;
				ENABLE_TESTABILITY = YES;
				ENABLE_USER_SCRIPT_SANDBOXING = NO;
				GCC_C_LANGUAGE_STANDARD = gnu17;
				GCC_DYNAMIC_NO_PIC = NO;
				GCC_NO_COMMON_BLOCKS = YES;
				GCC_OPTIMIZATION_LEVEL = 0;
				GCC_PREPROCESSOR_DEFINITIONS = (
					"DEBUG=1",
					"$(inherited)",
				);
				GCC_WARN_64_TO_32_BIT_CONVERSION = YES;
				GCC_WARN_ABOUT_RETURN_TYPE = YES_ERROR;
				GCC_WARN_UNDECLARED_SELECTOR = YES;
				GCC_WARN_UNINITIALIZED_AUTOS = YES_AGGRESSIVE;
				GCC_WARN_UNUSED_FUNCTION = YES;
				GCC_WARN_UNUSED_VARIABLE = YES;
				IPHONEOS_DEPLOYMENT_TARGET = 17.2;
				LOCALIZATION_PREFERS_STRING_CATALOGS = YES;
				MTL_ENABLE_DEBUG_INFO = INCLUDE_SOURCE;
				MTL_FAST_MATH = YES;
				ONLY_ACTIVE_ARCH = YES;
				SDKROOT = iphoneos;
				SWIFT_ACTIVE_COMPILATION_CONDITIONS = "DEBUG $(inherited)";
				SWIFT_OPTIMIZATION_LEVEL = "-Onone";
			};
			name = Debug;
		};
		A1D312792C3376F700D8F7C9 /* Release */ = {
			isa = XCBuildConfiguration;
			buildSettings = {
				ALWAYS_SEARCH_USER_PATHS = NO;
				ASSETCATALOG_COMPILER_GENERATE_SWIFT_ASSET_SYMBOL_EXTENSIONS = YES;
				CLANG_ANALYZER_NONNULL = YES;
				CLANG_ANALYZER_NUMBER_OBJECT_CONVERSION = YES_AGGRESSIVE;
				CLANG_CXX_LANGUAGE_STANDARD = "gnu++20";
				CLANG_ENABLE_MODULES = YES;
				CLANG_ENABLE_OBJC_ARC = YES;
				CLANG_ENABLE_OBJC_WEAK = YES;
				CLANG_WARN_BLOCK_CAPTURE_AUTORELEASING = YES;
				CLANG_WARN_BOOL_CONVERSION = YES;
				CLANG_WARN_COMMA = YES;
				CLANG_WARN_CONSTANT_CONVERSION = YES;
				CLANG_WARN_DEPRECATED_OBJC_IMPLEMENTATIONS = YES;
				CLANG_WARN_DIRECT_OBJC_ISA_USAGE = YES_ERROR;
				CLANG_WARN_DOCUMENTATION_COMMENTS = YES;
				CLANG_WARN_EMPTY_BODY = YES;
				CLANG_WARN_ENUM_CONVERSION = YES;
				CLANG_WARN_INFINITE_RECURSION = YES;
				CLANG_WARN_INT_CONVERSION = YES;
				CLANG_WARN_NON_LITERAL_NULL_CONVERSION = YES;
				CLANG_WARN_OBJC_IMPLICIT_RETAIN_SELF = YES;
				CLANG_WARN_OBJC_LITERAL_CONVERSION = YES;
				CLANG_WARN_OBJC_ROOT_CLASS = YES_ERROR;
				CLANG_WARN_QUOTED_INCLUDE_IN_FRAMEWORK_HEADER = YES;
				CLANG_WARN_RANGE_LOOP_ANALYSIS = YES;
				CLANG_WARN_STRICT_PROTOTYPES = YES;
				CLANG_WARN_SUSPICIOUS_MOVE = YES;
				CLANG_WARN_UNGUARDED_AVAILABILITY = YES_AGGRESSIVE;
				CLANG_WARN_UNREACHABLE_CODE = YES;
				CLANG_WARN__DUPLICATE_METHOD_MATCH = YES;
				COPY_PHASE_STRIP = NO;
				DEBUG_INFORMATION_FORMAT = "dwarf-with-dsym";
				ENABLE_NS_ASSERTIONS = NO;
				ENABLE_STRICT_OBJC_MSGSEND = YES;
				ENABLE_USER_SCRIPT_SANDBOXING = NO;
				GCC_C_LANGUAGE_STANDARD = gnu17;
				GCC_NO_COMMON_BLOCKS = YES;
				GCC_WARN_64_TO_32_BIT_CONVERSION = YES;
				GCC_WARN_ABOUT_RETURN_TYPE = YES_ERROR;
				GCC_WARN_UNDECLARED_SELECTOR = YES;
				GCC_WARN_UNINITIALIZED_AUTOS = YES_AGGRESSIVE;
				GCC_WARN_UNUSED_FUNCTION = YES;
				GCC_WARN_UNUSED_VARIABLE = YES;
				IPHONEOS_DEPLOYMENT_TARGET = 17.2;
				LOCALIZATION_PREFERS_STRING_CATALOGS = YES;
				MTL_ENABLE_DEBUG_INFO = NO;
				MTL_FAST_MATH = YES;
				SDKROOT = iphoneos;
				SWIFT_COMPILATION_MODE = wholemodule;
				VALIDATE_PRODUCT = YES;
			};
			name = Release;
		};
		A1D3127B2C3376F700D8F7C9 /* Debug */ = {
			isa = XCBuildConfiguration;
			baseConfigurationReference = 33F1C4927ED0FB603348C060 /* Pods-RIBsTutorial.debug.xcconfig */;
			buildSettings = {
				ASSETCATALOG_COMPILER_APPICON_NAME = AppIcon;
				ASSETCATALOG_COMPILER_GLOBAL_ACCENT_COLOR_NAME = AccentColor;
				CODE_SIGN_STYLE = Automatic;
				CURRENT_PROJECT_VERSION = 1;
				GENERATE_INFOPLIST_FILE = YES;
				INFOPLIST_FILE = RIBsTutorial/Info.plist;
				INFOPLIST_KEY_UIApplicationSupportsIndirectInputEvents = YES;
				INFOPLIST_KEY_UILaunchStoryboardName = LaunchScreen;
				INFOPLIST_KEY_UIMainStoryboardFile = Main;
				INFOPLIST_KEY_UISupportedInterfaceOrientations_iPad = "UIInterfaceOrientationPortrait UIInterfaceOrientationPortraitUpsideDown UIInterfaceOrientationLandscapeLeft UIInterfaceOrientationLandscapeRight";
				INFOPLIST_KEY_UISupportedInterfaceOrientations_iPhone = "UIInterfaceOrientationPortrait UIInterfaceOrientationLandscapeLeft UIInterfaceOrientationLandscapeRight";
				IPHONEOS_DEPLOYMENT_TARGET = 17.0;
				LD_RUNPATH_SEARCH_PATHS = (
					"$(inherited)",
					"@executable_path/Frameworks",
				);
				MARKETING_VERSION = 1.0;
				PRODUCT_BUNDLE_IDENTIFIER = yordgenome.com.RIBsTutorial;
				PRODUCT_NAME = "$(TARGET_NAME)";
				SWIFT_EMIT_LOC_STRINGS = YES;
				SWIFT_VERSION = 5.0;
				TARGETED_DEVICE_FAMILY = "1,2";
			};
			name = Debug;
		};
		A1D3127C2C3376F700D8F7C9 /* Release */ = {
			isa = XCBuildConfiguration;
			baseConfigurationReference = 2E13D2A4FB01E2B613BC4AB2 /* Pods-RIBsTutorial.release.xcconfig */;
			buildSettings = {
				ASSETCATALOG_COMPILER_APPICON_NAME = AppIcon;
				ASSETCATALOG_COMPILER_GLOBAL_ACCENT_COLOR_NAME = AccentColor;
				CODE_SIGN_STYLE = Automatic;
				CURRENT_PROJECT_VERSION = 1;
				GENERATE_INFOPLIST_FILE = YES;
				INFOPLIST_FILE = RIBsTutorial/Info.plist;
				INFOPLIST_KEY_UIApplicationSupportsIndirectInputEvents = YES;
				INFOPLIST_KEY_UILaunchStoryboardName = LaunchScreen;
				INFOPLIST_KEY_UIMainStoryboardFile = Main;
				INFOPLIST_KEY_UISupportedInterfaceOrientations_iPad = "UIInterfaceOrientationPortrait UIInterfaceOrientationPortraitUpsideDown UIInterfaceOrientationLandscapeLeft UIInterfaceOrientationLandscapeRight";
				INFOPLIST_KEY_UISupportedInterfaceOrientations_iPhone = "UIInterfaceOrientationPortrait UIInterfaceOrientationLandscapeLeft UIInterfaceOrientationLandscapeRight";
				IPHONEOS_DEPLOYMENT_TARGET = 17.0;
				LD_RUNPATH_SEARCH_PATHS = (
					"$(inherited)",
					"@executable_path/Frameworks",
				);
				MARKETING_VERSION = 1.0;
				PRODUCT_BUNDLE_IDENTIFIER = yordgenome.com.RIBsTutorial;
				PRODUCT_NAME = "$(TARGET_NAME)";
				SWIFT_EMIT_LOC_STRINGS = YES;
				SWIFT_VERSION = 5.0;
				TARGETED_DEVICE_FAMILY = "1,2";
			};
			name = Release;
		};
/* End XCBuildConfiguration section */

/* Begin XCConfigurationList section */
		A1D312612C3376F500D8F7C9 /* Build configuration list for PBXProject "RIBsTutorial" */ = {
			isa = XCConfigurationList;
			buildConfigurations = (
				A1D312782C3376F700D8F7C9 /* Debug */,
				A1D312792C3376F700D8F7C9 /* Release */,
			);
			defaultConfigurationIsVisible = 0;
			defaultConfigurationName = Release;
		};
		A1D3127A2C3376F700D8F7C9 /* Build configuration list for PBXNativeTarget "RIBsTutorial" */ = {
			isa = XCConfigurationList;
			buildConfigurations = (
				A1D3127B2C3376F700D8F7C9 /* Debug */,
				A1D3127C2C3376F700D8F7C9 /* Release */,
			);
			defaultConfigurationIsVisible = 0;
			defaultConfigurationName = Release;
		};
/* End XCConfigurationList section */
	};
	rootObject = A1D3125E2C3376F500D8F7C9 /* Project object */;
}
